{
  "originHash" : "64bb92da0ecbdf2e49085165314417293670c904a3dbfd670369db1c725884ed",
  "pins" : [
    {
      "identity" : "swift-libgit2",
      "kind" : "remoteSourceControl",
      "location" : "https://github.com/danielctull-forks/swift-libgit2.git",
      "state" : {
        "revision" : "c9fbff6f1fc31c53c396ab28b4b3dbb453c2f674",
        "version" : "1.9.2"
      }
    }
  ],
  "version" : 3
}
