{
  "originHash" : "64bb92da0ecbdf2e49085165314417293670c904a3dbfd670369db1c725884ed",
  "pins" : [
    {
      "identity" : "swift-libgit2",
      "kind" : "remoteSourceControl",
      "location" : "https://github.com/danielctull-forks/swift-libgit2.git",
      "state" : {
        "revision" : "af2ca7650bfcaa50894a0a97c0ad059fcb76b29b",
        "version" : "1.9.6"
      }
    }
  ],
  "version" : 3
}
